
Microsoft Visual Studio Solution File, Format Version 12.00
# Visual Studio Version 17
VisualStudioVersion = 17.9.34723.18
MinimumVisualStudioVersion = 10.0.40219.1
Project("{2150E333-8FDC-42A3-9474-1A3956D46DE8}") = "Frontend", "Frontend", "{C6F1A3CB-D774-4CCD-AE75-295E3826980A}"
EndProject
Project("{2150E333-8FDC-42A3-9474-1A3956D46DE8}") = "Services", "Services", "{B86A304B-94CB-4A73-9F14-73FEBDDCD9D3}"
EndProject
Project("{2150E333-8FDC-42A3-9474-1A3956D46DE8}") = "Integration", "Integration", "{B9B0811F-0DDC-4123-B5AF-E95FFCA3EB6F}"
EndProject
Project("{2150E333-8FDC-42A3-9474-1A3956D46DE8}") = "Getway", "Getway", "{505CE4CD-1488-472D-A9AF-7774FA8EB2F6}"
EndProject
Project("{FAE04EC0-301F-11D3-BF4B-00C04F79EFBC}") = "Mango.Services.CouponAPI", "Mango.Services.CouponAPI\Mango.Services.CouponAPI.csproj", "{26BD363F-E0DD-4656-B6BA-C64304A2BD3A}"
EndProject
Global
	GlobalSection(SolutionConfigurationPlatforms) = preSolution
		Debug|Any CPU = Debug|Any CPU
		Release|Any CPU = Release|Any CPU
	EndGlobalSection
	GlobalSection(ProjectConfigurationPlatforms) = postSolution
		{26BD363F-E0DD-4656-B6BA-C64304A2BD3A}.Debug|Any CPU.ActiveCfg = Debug|Any CPU
		{26BD363F-E0DD-4656-B6BA-C64304A2BD3A}.Debug|Any CPU.Build.0 = Debug|Any CPU
		{26BD363F-E0DD-4656-B6BA-C64304A2BD3A}.Release|Any CPU.ActiveCfg = Release|Any CPU
		{26BD363F-E0DD-4656-B6BA-C64304A2BD3A}.Release|Any CPU.Build.0 = Release|Any CPU
	EndGlobalSection
	GlobalSection(SolutionProperties) = preSolution
		HideSolutionNode = FALSE
	EndGlobalSection
	GlobalSection(NestedProjects) = preSolution
		{26BD363F-E0DD-4656-B6BA-C64304A2BD3A} = {B86A304B-94CB-4A73-9F14-73FEBDDCD9D3}
	EndGlobalSection
	GlobalSection(ExtensibilityGlobals) = postSolution
		SolutionGuid = {129FDAF1-F17A-4FE1-89B9-EFD4F331F47E}
	EndGlobalSection
EndGlobal
